
Microsoft Visual Studio Solution File, Format Version 12.00
# Visual Studio Version 17
VisualStudioVersion = 17.6.33723.286
MinimumVisualStudioVersion = 10.0.40219.1
Project("{9A19103F-16F7-4668-BE54-9A1E7A4F7556}") = "Collide", "Collide\Collide.csproj", "{282F2F84-108C-499A-969C-98B8D94C24ED}"
EndProject
Global
	GlobalSection(SolutionConfigurationPlatforms) = preSolution
		Debug|Any CPU = Debug|Any CPU
		Debug|x64 = Debug|x64
		Release|Any CPU = Release|Any CPU
		Release|x64 = Release|x64
	EndGlobalSection
	GlobalSection(ProjectConfigurationPlatforms) = postSolution
		{282F2F84-108C-499A-969C-98B8D94C24ED}.Debug|Any CPU.ActiveCfg = Debug|Any CPU
		{282F2F84-108C-499A-969C-98B8D94C24ED}.Debug|Any CPU.Build.0 = Debug|Any CPU
		{282F2F84-108C-499A-969C-98B8D94C24ED}.Debug|x64.ActiveCfg = Debug|x64
		{282F2F84-108C-499A-969C-98B8D94C24ED}.Debug|x64.Build.0 = Debug|x64
		{282F2F84-108C-499A-969C-98B8D94C24ED}.Release|Any CPU.ActiveCfg = Release|Any CPU
		{282F2F84-108C-499A-969C-98B8D94C24ED}.Release|Any CPU.Build.0 = Release|Any CPU
		{282F2F84-108C-499A-969C-98B8D94C24ED}.Release|x64.ActiveCfg = Release|x64
		{282F2F84-108C-499A-969C-98B8D94C24ED}.Release|x64.Build.0 = Release|x64
	EndGlobalSection
	GlobalSection(SolutionProperties) = preSolution
		HideSolutionNode = FALSE
	EndGlobalSection
	GlobalSection(ExtensibilityGlobals) = postSolution
		SolutionGuid = {447F83A2-4D10-4B32-9037-E35E0036D652}
	EndGlobalSection
EndGlobal
