
Microsoft Visual Studio Solution File, Format Version 12.00
# Visual Studio Version 17
VisualStudioVersion = 17.5.001.0
MinimumVisualStudioVersion = 10.0.40219.1
Project("{9A19103F-16F7-4668-BE54-9A1E7A4F7556}") = "Collide", "Collide.csproj", "{FE235DD4-E1B6-4E04-970E-7DFB9E6104C7}"
EndProject
Project("{2150E333-8FDC-42A3-9474-1A3956D46DE8}") = "bin", "bin", "{4EC4EFB2-256B-47FE-8CE3-672670312532}"
EndProject
Project("{2150E333-8FDC-42A3-9474-1A3956D46DE8}") = "Release", "Release", "{0231CFAA-879E-4C9E-A1DB-83CD89E22F54}"
EndProject
Project("{2150E333-8FDC-42A3-9474-1A3956D46DE8}") = "net7.0", "net7.0", "{5344BF2F-5C9A-4A66-82FA-AAA267699B3A}"
EndProject
Project("{9A19103F-16F7-4668-BE54-9A1E7A4F7556}") = "BenchmarkDotNet.Autogenerated", "bin\Release\net7.0\d6a7a126-21b1-4385-b764-f95eea4fefb3\BenchmarkDotNet.Autogenerated.csproj", "{BDB9750B-8180-404E-A109-252066165BA2}"
EndProject
Global
	GlobalSection(SolutionConfigurationPlatforms) = preSolution
		Debug|Any CPU = Debug|Any CPU
		Release|Any CPU = Release|Any CPU
	EndGlobalSection
	GlobalSection(ProjectConfigurationPlatforms) = postSolution
		{FE235DD4-E1B6-4E04-970E-7DFB9E6104C7}.Debug|Any CPU.ActiveCfg = Debug|Any CPU
		{FE235DD4-E1B6-4E04-970E-7DFB9E6104C7}.Debug|Any CPU.Build.0 = Debug|Any CPU
		{FE235DD4-E1B6-4E04-970E-7DFB9E6104C7}.Release|Any CPU.ActiveCfg = Release|Any CPU
		{FE235DD4-E1B6-4E04-970E-7DFB9E6104C7}.Release|Any CPU.Build.0 = Release|Any CPU
		{BDB9750B-8180-404E-A109-252066165BA2}.Debug|Any CPU.ActiveCfg = Debug|Any CPU
		{BDB9750B-8180-404E-A109-252066165BA2}.Debug|Any CPU.Build.0 = Debug|Any CPU
		{BDB9750B-8180-404E-A109-252066165BA2}.Release|Any CPU.ActiveCfg = Release|Any CPU
		{BDB9750B-8180-404E-A109-252066165BA2}.Release|Any CPU.Build.0 = Release|Any CPU
	EndGlobalSection
	GlobalSection(SolutionProperties) = preSolution
		HideSolutionNode = FALSE
	EndGlobalSection
	GlobalSection(NestedProjects) = preSolution
		{0231CFAA-879E-4C9E-A1DB-83CD89E22F54} = {4EC4EFB2-256B-47FE-8CE3-672670312532}
		{5344BF2F-5C9A-4A66-82FA-AAA267699B3A} = {0231CFAA-879E-4C9E-A1DB-83CD89E22F54}
		{BDB9750B-8180-404E-A109-252066165BA2} = {5344BF2F-5C9A-4A66-82FA-AAA267699B3A}
	EndGlobalSection
	GlobalSection(ExtensibilityGlobals) = postSolution
		SolutionGuid = {220481C9-011F-433C-BE7C-47F6E8A7C894}
	EndGlobalSection
EndGlobal
